
Microsoft Visual Studio Solution File, Format Version 12.00
# Visual Studio Version 17
VisualStudioVersion = 17.7.34031.279
MinimumVisualStudioVersion = 10.0.40219.1
Project("{FAE04EC0-301F-11D3-BF4B-00C04F79EFBC}") = "Sana03", "Sana03\Sana03.csproj", "{7C3C5A78-BC65-437C-8E2D-3945CA8B8A6C}"
EndProject
Global
	GlobalSection(SolutionConfigurationPlatforms) = preSolution
		Debug|Any CPU = Debug|Any CPU
		Release|Any CPU = Release|Any CPU
	EndGlobalSection
	GlobalSection(ProjectConfigurationPlatforms) = postSolution
		{7C3C5A78-BC65-437C-8E2D-3945CA8B8A6C}.Debug|Any CPU.ActiveCfg = Debug|Any CPU
		{7C3C5A78-BC65-437C-8E2D-3945CA8B8A6C}.Debug|Any CPU.Build.0 = Debug|Any CPU
		{7C3C5A78-BC65-437C-8E2D-3945CA8B8A6C}.Release|Any CPU.ActiveCfg = Release|Any CPU
		{7C3C5A78-BC65-437C-8E2D-3945CA8B8A6C}.Release|Any CPU.Build.0 = Release|Any CPU
	EndGlobalSection
	GlobalSection(SolutionProperties) = preSolution
		HideSolutionNode = FALSE
	EndGlobalSection
	GlobalSection(ExtensibilityGlobals) = postSolution
		SolutionGuid = {49DBF9BE-AEED-410B-AF23-5A6C60E94CCC}
	EndGlobalSection
EndGlobal
